
Microsoft Visual Studio Solution File, Format Version 12.00
# Visual Studio 15
VisualStudioVersion = 15.0.27004.2006
MinimumVisualStudioVersion = 10.0.40219.1
Project("{8BC9CEB8-8B4A-11D0-8D11-00A0C91BC942}") = "2_CreateThread_Joined", "CreateThread\CreateThread.vcxproj", "{A536776E-A9A8-495E-B8ED-BB9C4CF93435}"
EndProject
Project("{8BC9CEB8-8B4A-11D0-8D11-00A0C91BC942}") = "1_CreateThread_Detached", "CreateDetchedThread\CreateDetchedThread.vcxproj", "{C8F69E8F-CDA8-4760-B405-7AACCD6D829C}"
EndProject
Project("{8BC9CEB8-8B4A-11D0-8D11-00A0C91BC942}") = "3_CreateThread_JoineMultiple", "JoinMultipleThreads\JoinMultipleThreads.vcxproj", "{7DDD691B-D1CB-4031-8813-98A41F3DD8DA}"
EndProject
Project("{8BC9CEB8-8B4A-11D0-8D11-00A0C91BC942}") = "4_CreateThread_Suspended", "CreateSuspendedThread\CreateSuspendedThread.vcxproj", "{EDE1C421-60F2-48F3-9DDD-E6D0CB7B320A}"
EndProject
Project("{8BC9CEB8-8B4A-11D0-8D11-00A0C91BC942}") = "5_CriticalSection", "5_Critical_Section\5_Critical_Section.vcxproj", "{80723320-1DB0-4450-AA20-814D97513AEE}"
EndProject
Project("{8BC9CEB8-8B4A-11D0-8D11-00A0C91BC942}") = "5_CriticalSection_TryEnter", "5_CriticalSection_TryEnter\5_CriticalSection_TryEnter.vcxproj", "{B96452BE-A354-4E3B-8D0C-F27FACAD3B6A}"
EndProject
Project("{8BC9CEB8-8B4A-11D0-8D11-00A0C91BC942}") = "5_CriticalSection_SpinLock", "5_CriticalSection_SpinLock\5_CriticalSection_SpinLock.vcxproj", "{55E435A5-DD7A-4A12-9938-14F9602A39BA}"
EndProject
Global
	GlobalSection(SolutionConfigurationPlatforms) = preSolution
		Debug|x64 = Debug|x64
		Debug|x86 = Debug|x86
		Release|x64 = Release|x64
		Release|x86 = Release|x86
	EndGlobalSection
	GlobalSection(ProjectConfigurationPlatforms) = postSolution
		{A536776E-A9A8-495E-B8ED-BB9C4CF93435}.Debug|x64.ActiveCfg = Debug|x64
		{A536776E-A9A8-495E-B8ED-BB9C4CF93435}.Debug|x64.Build.0 = Debug|x64
		{A536776E-A9A8-495E-B8ED-BB9C4CF93435}.Debug|x86.ActiveCfg = Debug|Win32
		{A536776E-A9A8-495E-B8ED-BB9C4CF93435}.Debug|x86.Build.0 = Debug|Win32
		{A536776E-A9A8-495E-B8ED-BB9C4CF93435}.Release|x64.ActiveCfg = Release|x64
		{A536776E-A9A8-495E-B8ED-BB9C4CF93435}.Release|x64.Build.0 = Release|x64
		{A536776E-A9A8-495E-B8ED-BB9C4CF93435}.Release|x86.ActiveCfg = Release|Win32
		{A536776E-A9A8-495E-B8ED-BB9C4CF93435}.Release|x86.Build.0 = Release|Win32
		{C8F69E8F-CDA8-4760-B405-7AACCD6D829C}.Debug|x64.ActiveCfg = Debug|x64
		{C8F69E8F-CDA8-4760-B405-7AACCD6D829C}.Debug|x64.Build.0 = Debug|x64
		{C8F69E8F-CDA8-4760-B405-7AACCD6D829C}.Debug|x86.ActiveCfg = Debug|Win32
		{C8F69E8F-CDA8-4760-B405-7AACCD6D829C}.Debug|x86.Build.0 = Debug|Win32
		{C8F69E8F-CDA8-4760-B405-7AACCD6D829C}.Release|x64.ActiveCfg = Release|x64
		{C8F69E8F-CDA8-4760-B405-7AACCD6D829C}.Release|x64.Build.0 = Release|x64
		{C8F69E8F-CDA8-4760-B405-7AACCD6D829C}.Release|x86.ActiveCfg = Release|Win32
		{C8F69E8F-CDA8-4760-B405-7AACCD6D829C}.Release|x86.Build.0 = Release|Win32
		{7DDD691B-D1CB-4031-8813-98A41F3DD8DA}.Debug|x64.ActiveCfg = Debug|x64
		{7DDD691B-D1CB-4031-8813-98A41F3DD8DA}.Debug|x64.Build.0 = Debug|x64
		{7DDD691B-D1CB-4031-8813-98A41F3DD8DA}.Debug|x86.ActiveCfg = Debug|Win32
		{7DDD691B-D1CB-4031-8813-98A41F3DD8DA}.Debug|x86.Build.0 = Debug|Win32
		{7DDD691B-D1CB-4031-8813-98A41F3DD8DA}.Release|x64.ActiveCfg = Release|x64
		{7DDD691B-D1CB-4031-8813-98A41F3DD8DA}.Release|x64.Build.0 = Release|x64
		{7DDD691B-D1CB-4031-8813-98A41F3DD8DA}.Release|x86.ActiveCfg = Release|Win32
		{7DDD691B-D1CB-4031-8813-98A41F3DD8DA}.Release|x86.Build.0 = Release|Win32
		{EDE1C421-60F2-48F3-9DDD-E6D0CB7B320A}.Debug|x64.ActiveCfg = Debug|x64
		{EDE1C421-60F2-48F3-9DDD-E6D0CB7B320A}.Debug|x64.Build.0 = Debug|x64
		{EDE1C421-60F2-48F3-9DDD-E6D0CB7B320A}.Debug|x86.ActiveCfg = Debug|Win32
		{EDE1C421-60F2-48F3-9DDD-E6D0CB7B320A}.Debug|x86.Build.0 = Debug|Win32
		{EDE1C421-60F2-48F3-9DDD-E6D0CB7B320A}.Release|x64.ActiveCfg = Release|x64
		{EDE1C421-60F2-48F3-9DDD-E6D0CB7B320A}.Release|x64.Build.0 = Release|x64
		{EDE1C421-60F2-48F3-9DDD-E6D0CB7B320A}.Release|x86.ActiveCfg = Release|Win32
		{EDE1C421-60F2-48F3-9DDD-E6D0CB7B320A}.Release|x86.Build.0 = Release|Win32
		{80723320-1DB0-4450-AA20-814D97513AEE}.Debug|x64.ActiveCfg = Debug|x64
		{80723320-1DB0-4450-AA20-814D97513AEE}.Debug|x64.Build.0 = Debug|x64
		{80723320-1DB0-4450-AA20-814D97513AEE}.Debug|x86.ActiveCfg = Debug|Win32
		{80723320-1DB0-4450-AA20-814D97513AEE}.Debug|x86.Build.0 = Debug|Win32
		{80723320-1DB0-4450-AA20-814D97513AEE}.Release|x64.ActiveCfg = Release|x64
		{80723320-1DB0-4450-AA20-814D97513AEE}.Release|x64.Build.0 = Release|x64
		{80723320-1DB0-4450-AA20-814D97513AEE}.Release|x86.ActiveCfg = Release|Win32
		{80723320-1DB0-4450-AA20-814D97513AEE}.Release|x86.Build.0 = Release|Win32
		{B96452BE-A354-4E3B-8D0C-F27FACAD3B6A}.Debug|x64.ActiveCfg = Debug|x64
		{B96452BE-A354-4E3B-8D0C-F27FACAD3B6A}.Debug|x64.Build.0 = Debug|x64
		{B96452BE-A354-4E3B-8D0C-F27FACAD3B6A}.Debug|x86.ActiveCfg = Debug|Win32
		{B96452BE-A354-4E3B-8D0C-F27FACAD3B6A}.Debug|x86.Build.0 = Debug|Win32
		{B96452BE-A354-4E3B-8D0C-F27FACAD3B6A}.Release|x64.ActiveCfg = Release|x64
		{B96452BE-A354-4E3B-8D0C-F27FACAD3B6A}.Release|x64.Build.0 = Release|x64
		{B96452BE-A354-4E3B-8D0C-F27FACAD3B6A}.Release|x86.ActiveCfg = Release|Win32
		{B96452BE-A354-4E3B-8D0C-F27FACAD3B6A}.Release|x86.Build.0 = Release|Win32
		{55E435A5-DD7A-4A12-9938-14F9602A39BA}.Debug|x64.ActiveCfg = Debug|x64
		{55E435A5-DD7A-4A12-9938-14F9602A39BA}.Debug|x64.Build.0 = Debug|x64
		{55E435A5-DD7A-4A12-9938-14F9602A39BA}.Debug|x86.ActiveCfg = Debug|Win32
		{55E435A5-DD7A-4A12-9938-14F9602A39BA}.Debug|x86.Build.0 = Debug|Win32
		{55E435A5-DD7A-4A12-9938-14F9602A39BA}.Release|x64.ActiveCfg = Release|x64
		{55E435A5-DD7A-4A12-9938-14F9602A39BA}.Release|x64.Build.0 = Release|x64
		{55E435A5-DD7A-4A12-9938-14F9602A39BA}.Release|x86.ActiveCfg = Release|Win32
		{55E435A5-DD7A-4A12-9938-14F9602A39BA}.Release|x86.Build.0 = Release|Win32
	EndGlobalSection
	GlobalSection(SolutionProperties) = preSolution
		HideSolutionNode = FALSE
	EndGlobalSection
	GlobalSection(ExtensibilityGlobals) = postSolution
		SolutionGuid = {69C963AE-101A-40DA-8A24-D17C36F6F141}
	EndGlobalSection
EndGlobal
