
Microsoft Visual Studio Solution File, Format Version 12.00
# Visual Studio 15
VisualStudioVersion = 15.0.27004.2006
MinimumVisualStudioVersion = 10.0.40219.1
Project("{8BC9CEB8-8B4A-11D0-8D11-00A0C91BC942}") = "01_CreateThread_Detached", "01_CreateThread_Detached\01_CreateThread_Detached.vcxproj", "{0A546838-4B3B-4D96-A8C2-FF0E3DAC3E1D}"
EndProject
Project("{8BC9CEB8-8B4A-11D0-8D11-00A0C91BC942}") = "02_CreateThread_Joined", "02_CreateThread_Joined\02_CreateThread_Joined.vcxproj", "{7BB9DD74-C774-4D05-A180-A5430099625F}"
EndProject
Project("{8BC9CEB8-8B4A-11D0-8D11-00A0C91BC942}") = "03_CreateThread_JoineMultiple", "03_CreateThread_JoineMultiple\03_CreateThread_JoineMultiple.vcxproj", "{BA338CE2-BFDF-43D0-80A2-70C2EC35F1FE}"
EndProject
Project("{8BC9CEB8-8B4A-11D0-8D11-00A0C91BC942}") = "04_CreateThread_Suspended", "04_CreateThread_Suspended\04_CreateThread_Suspended.vcxproj", "{A02A8BDA-AA53-4743-AE49-450BFE3C9A50}"
EndProject
Project("{8BC9CEB8-8B4A-11D0-8D11-00A0C91BC942}") = "05_CriticalSection", "05_CriticalSection\05_CriticalSection.vcxproj", "{64018543-6F39-4A7F-8977-552C556B9C75}"
EndProject
Project("{8BC9CEB8-8B4A-11D0-8D11-00A0C91BC942}") = "06_CriticalSection_TryEnter", "06_CriticalSection_TryEnter\06_CriticalSection_TryEnter.vcxproj", "{49EF17DE-9E73-4193-B3C4-C0906C1C6989}"
EndProject
Project("{8BC9CEB8-8B4A-11D0-8D11-00A0C91BC942}") = "07_CriticalSection_SpinLock", "07_CriticalSection_SpinLock\07_CriticalSection_SpinLock.vcxproj", "{394C1D32-277A-421E-8DBD-A026839678F2}"
EndProject
Project("{8BC9CEB8-8B4A-11D0-8D11-00A0C91BC942}") = "08_Mutex", "08_Mutex\08_Mutex.vcxproj", "{57A3A079-678B-4073-815A-C79090C83DDC}"
EndProject
Project("{8BC9CEB8-8B4A-11D0-8D11-00A0C91BC942}") = "09_Semaphore", "09_Semaphore\09_Semaphore.vcxproj", "{64BD96C2-D7E7-4758-AD2B-A790E9C0A68F}"
EndProject
Project("{8BC9CEB8-8B4A-11D0-8D11-00A0C91BC942}") = "10_ConditionVariable_on_CriticalSection", "10_ConditionVariable_on_CriticalSection\10_ConditionVariable_on_CriticalSection.vcxproj", "{E8F01779-08A6-4AD3-A447-DCFCCC251304}"
EndProject
Project("{8BC9CEB8-8B4A-11D0-8D11-00A0C91BC942}") = "11_ConditionVariable_on_SlimReadWriteLock", "11_ConditionVariable_on_SlimReadWriteLock\11_ConditionVariable_on_SlimReadWriteLock.vcxproj", "{A73FA074-5CE0-4732-A56F-182A2202DC9E}"
EndProject
Project("{8BC9CEB8-8B4A-11D0-8D11-00A0C91BC942}") = "13_CreateProcess", "12_CreateProcess\12_CreateProcess.vcxproj", "{BFEE3233-90E3-48EB-B060-ACF22D8FADD8}"
EndProject
Project("{8BC9CEB8-8B4A-11D0-8D11-00A0C91BC942}") = "12_Event", "12_Event\12_Event.vcxproj", "{A15E0F10-B123-4861-907F-A25A7F76077B}"
EndProject
Project("{8BC9CEB8-8B4A-11D0-8D11-00A0C91BC942}") = "14_CreateNamedSharedMemory", "14_CreateNamedSharedMemory\14_CreateNamedSharedMemory.vcxproj", "{6079C171-1FCC-4C99-88BE-A95D009DF716}"
EndProject
Project("{8BC9CEB8-8B4A-11D0-8D11-00A0C91BC942}") = "15_AsynchronousProcedureCall_with_WaitableTimers", "15_AsynchronousProcedureCall_with_WaitableTimers\15_AsynchronousProcedureCall_with_WaitableTimers.vcxproj", "{8884CFCE-6764-4BC7-BB72-99E328F6FCE2}"
EndProject
Project("{8BC9CEB8-8B4A-11D0-8D11-00A0C91BC942}") = "16_Thread_monitoring", "16_Thread_monitoring\16_Thread_monitoring.vcxproj", "{DC917785-DE88-4A4A-A89F-63407DE02D09}"
EndProject
Project("{8BC9CEB8-8B4A-11D0-8D11-00A0C91BC942}") = "17_IPC_with_named_Event_and_Mutex", "17_Processes_Data_Copy\17_Processes_Data_Copy.vcxproj", "{D6A59373-7C8F-4E20-9255-C7DD783409C3}"
EndProject
Project("{8BC9CEB8-8B4A-11D0-8D11-00A0C91BC942}") = "12_1_Named_Event", "12_1_Named_Event\12_1_Named_Event.vcxproj", "{8BDC3CE2-5782-4EC8-91B1-23DEF0D7BC04}"
EndProject
Project("{8BC9CEB8-8B4A-11D0-8D11-00A0C91BC942}") = "08_1_Named_Mutex", "08_1_Named_Mutex\08_1_Named_Mutex.vcxproj", "{FCC8E288-0B01-46DF-92A2-2A1454DAB1BA}"
EndProject
Project("{8BC9CEB8-8B4A-11D0-8D11-00A0C91BC942}") = "18_2_Multithreaded_Pipe_Server", "18_Multithreaded_Pipe_Server\18_Multithreaded_Pipe_Server.vcxproj", "{E14AA64B-18CC-426E-A5E1-331D3E876EB3}"
EndProject
Project("{8BC9CEB8-8B4A-11D0-8D11-00A0C91BC942}") = "18_1_Named_Pipe_Client", "18_1_Named_Pipe_Client\18_1_Named_Pipe_Client.vcxproj", "{011822F5-DB53-48AF-B8BA-DAA09FD02F1D}"
EndProject
Project("{8BC9CEB8-8B4A-11D0-8D11-00A0C91BC942}") = "18_2_Singlethreaded_Pipe_Server_Using_Overlapped_ I_O_Server", "19_Singlethreaded_Pipe_Server_Using_Overlapped_ I_O\19_Singlethreaded_Pipe_Server_Using_Overlapped_ I_O.vcxproj", "{69E0174F-F52F-42AE-ADDB-B2AA6F57950E}"
EndProject
Project("{8BC9CEB8-8B4A-11D0-8D11-00A0C91BC942}") = "18_2_Singlethreaded_Pipe_Server_Using_Completion_Routines_Server", "20_Singlethreaded_Pipe_Server_Using_Completion_Routines\20_Singlethreaded_Pipe_Server_Using_Completion_Routines.vcxproj", "{6CE915B1-647B-422F-8F9C-CA1D8F5C4277}"
EndProject
Project("{8BC9CEB8-8B4A-11D0-8D11-00A0C91BC942}") = "18_1_Transactions_on_Named_Pipes_Client", "21_Transactions_on_Named_Pipes\21_Transactions_on_Named_Pipes.vcxproj", "{3CACD789-D2EC-4F53-8EF5-FB0CDDAA8B1F}"
EndProject
Project("{8BC9CEB8-8B4A-11D0-8D11-00A0C91BC942}") = "19_WinSock_Client", "19_WinSock_Client\19_WinSock_Client.vcxproj", "{58A8D419-53A4-43CE-9BA9-415E76B798BD}"
EndProject
Project("{8BC9CEB8-8B4A-11D0-8D11-00A0C91BC942}") = "19_WinSock_Server", "19_WinSock_Server\19_WinSock_Server.vcxproj", "{BEC359D8-B029-4693-A6C6-C32FF009B116}"
EndProject
Global
	GlobalSection(SolutionConfigurationPlatforms) = preSolution
		Debug|x64 = Debug|x64
		Debug|x86 = Debug|x86
		Release|x64 = Release|x64
		Release|x86 = Release|x86
	EndGlobalSection
	GlobalSection(ProjectConfigurationPlatforms) = postSolution
		{0A546838-4B3B-4D96-A8C2-FF0E3DAC3E1D}.Debug|x64.ActiveCfg = Debug|x64
		{0A546838-4B3B-4D96-A8C2-FF0E3DAC3E1D}.Debug|x64.Build.0 = Debug|x64
		{0A546838-4B3B-4D96-A8C2-FF0E3DAC3E1D}.Debug|x86.ActiveCfg = Debug|Win32
		{0A546838-4B3B-4D96-A8C2-FF0E3DAC3E1D}.Debug|x86.Build.0 = Debug|Win32
		{0A546838-4B3B-4D96-A8C2-FF0E3DAC3E1D}.Release|x64.ActiveCfg = Release|x64
		{0A546838-4B3B-4D96-A8C2-FF0E3DAC3E1D}.Release|x64.Build.0 = Release|x64
		{0A546838-4B3B-4D96-A8C2-FF0E3DAC3E1D}.Release|x86.ActiveCfg = Release|Win32
		{0A546838-4B3B-4D96-A8C2-FF0E3DAC3E1D}.Release|x86.Build.0 = Release|Win32
		{7BB9DD74-C774-4D05-A180-A5430099625F}.Debug|x64.ActiveCfg = Debug|x64
		{7BB9DD74-C774-4D05-A180-A5430099625F}.Debug|x64.Build.0 = Debug|x64
		{7BB9DD74-C774-4D05-A180-A5430099625F}.Debug|x86.ActiveCfg = Debug|Win32
		{7BB9DD74-C774-4D05-A180-A5430099625F}.Debug|x86.Build.0 = Debug|Win32
		{7BB9DD74-C774-4D05-A180-A5430099625F}.Release|x64.ActiveCfg = Release|x64
		{7BB9DD74-C774-4D05-A180-A5430099625F}.Release|x64.Build.0 = Release|x64
		{7BB9DD74-C774-4D05-A180-A5430099625F}.Release|x86.ActiveCfg = Release|Win32
		{7BB9DD74-C774-4D05-A180-A5430099625F}.Release|x86.Build.0 = Release|Win32
		{BA338CE2-BFDF-43D0-80A2-70C2EC35F1FE}.Debug|x64.ActiveCfg = Debug|x64
		{BA338CE2-BFDF-43D0-80A2-70C2EC35F1FE}.Debug|x64.Build.0 = Debug|x64
		{BA338CE2-BFDF-43D0-80A2-70C2EC35F1FE}.Debug|x86.ActiveCfg = Debug|Win32
		{BA338CE2-BFDF-43D0-80A2-70C2EC35F1FE}.Debug|x86.Build.0 = Debug|Win32
		{BA338CE2-BFDF-43D0-80A2-70C2EC35F1FE}.Release|x64.ActiveCfg = Release|x64
		{BA338CE2-BFDF-43D0-80A2-70C2EC35F1FE}.Release|x64.Build.0 = Release|x64
		{BA338CE2-BFDF-43D0-80A2-70C2EC35F1FE}.Release|x86.ActiveCfg = Release|Win32
		{BA338CE2-BFDF-43D0-80A2-70C2EC35F1FE}.Release|x86.Build.0 = Release|Win32
		{A02A8BDA-AA53-4743-AE49-450BFE3C9A50}.Debug|x64.ActiveCfg = Debug|x64
		{A02A8BDA-AA53-4743-AE49-450BFE3C9A50}.Debug|x64.Build.0 = Debug|x64
		{A02A8BDA-AA53-4743-AE49-450BFE3C9A50}.Debug|x86.ActiveCfg = Debug|Win32
		{A02A8BDA-AA53-4743-AE49-450BFE3C9A50}.Debug|x86.Build.0 = Debug|Win32
		{A02A8BDA-AA53-4743-AE49-450BFE3C9A50}.Release|x64.ActiveCfg = Release|x64
		{A02A8BDA-AA53-4743-AE49-450BFE3C9A50}.Release|x64.Build.0 = Release|x64
		{A02A8BDA-AA53-4743-AE49-450BFE3C9A50}.Release|x86.ActiveCfg = Release|Win32
		{A02A8BDA-AA53-4743-AE49-450BFE3C9A50}.Release|x86.Build.0 = Release|Win32
		{64018543-6F39-4A7F-8977-552C556B9C75}.Debug|x64.ActiveCfg = Debug|x64
		{64018543-6F39-4A7F-8977-552C556B9C75}.Debug|x64.Build.0 = Debug|x64
		{64018543-6F39-4A7F-8977-552C556B9C75}.Debug|x86.ActiveCfg = Debug|Win32
		{64018543-6F39-4A7F-8977-552C556B9C75}.Debug|x86.Build.0 = Debug|Win32
		{64018543-6F39-4A7F-8977-552C556B9C75}.Release|x64.ActiveCfg = Release|x64
		{64018543-6F39-4A7F-8977-552C556B9C75}.Release|x64.Build.0 = Release|x64
		{64018543-6F39-4A7F-8977-552C556B9C75}.Release|x86.ActiveCfg = Release|Win32
		{64018543-6F39-4A7F-8977-552C556B9C75}.Release|x86.Build.0 = Release|Win32
		{49EF17DE-9E73-4193-B3C4-C0906C1C6989}.Debug|x64.ActiveCfg = Debug|x64
		{49EF17DE-9E73-4193-B3C4-C0906C1C6989}.Debug|x64.Build.0 = Debug|x64
		{49EF17DE-9E73-4193-B3C4-C0906C1C6989}.Debug|x86.ActiveCfg = Debug|Win32
		{49EF17DE-9E73-4193-B3C4-C0906C1C6989}.Debug|x86.Build.0 = Debug|Win32
		{49EF17DE-9E73-4193-B3C4-C0906C1C6989}.Release|x64.ActiveCfg = Release|x64
		{49EF17DE-9E73-4193-B3C4-C0906C1C6989}.Release|x64.Build.0 = Release|x64
		{49EF17DE-9E73-4193-B3C4-C0906C1C6989}.Release|x86.ActiveCfg = Release|Win32
		{49EF17DE-9E73-4193-B3C4-C0906C1C6989}.Release|x86.Build.0 = Release|Win32
		{394C1D32-277A-421E-8DBD-A026839678F2}.Debug|x64.ActiveCfg = Debug|x64
		{394C1D32-277A-421E-8DBD-A026839678F2}.Debug|x64.Build.0 = Debug|x64
		{394C1D32-277A-421E-8DBD-A026839678F2}.Debug|x86.ActiveCfg = Debug|Win32
		{394C1D32-277A-421E-8DBD-A026839678F2}.Debug|x86.Build.0 = Debug|Win32
		{394C1D32-277A-421E-8DBD-A026839678F2}.Release|x64.ActiveCfg = Release|x64
		{394C1D32-277A-421E-8DBD-A026839678F2}.Release|x64.Build.0 = Release|x64
		{394C1D32-277A-421E-8DBD-A026839678F2}.Release|x86.ActiveCfg = Release|Win32
		{394C1D32-277A-421E-8DBD-A026839678F2}.Release|x86.Build.0 = Release|Win32
		{57A3A079-678B-4073-815A-C79090C83DDC}.Debug|x64.ActiveCfg = Debug|x64
		{57A3A079-678B-4073-815A-C79090C83DDC}.Debug|x64.Build.0 = Debug|x64
		{57A3A079-678B-4073-815A-C79090C83DDC}.Debug|x86.ActiveCfg = Debug|Win32
		{57A3A079-678B-4073-815A-C79090C83DDC}.Debug|x86.Build.0 = Debug|Win32
		{57A3A079-678B-4073-815A-C79090C83DDC}.Release|x64.ActiveCfg = Release|x64
		{57A3A079-678B-4073-815A-C79090C83DDC}.Release|x64.Build.0 = Release|x64
		{57A3A079-678B-4073-815A-C79090C83DDC}.Release|x86.ActiveCfg = Release|Win32
		{57A3A079-678B-4073-815A-C79090C83DDC}.Release|x86.Build.0 = Release|Win32
		{64BD96C2-D7E7-4758-AD2B-A790E9C0A68F}.Debug|x64.ActiveCfg = Debug|x64
		{64BD96C2-D7E7-4758-AD2B-A790E9C0A68F}.Debug|x64.Build.0 = Debug|x64
		{64BD96C2-D7E7-4758-AD2B-A790E9C0A68F}.Debug|x86.ActiveCfg = Debug|Win32
		{64BD96C2-D7E7-4758-AD2B-A790E9C0A68F}.Debug|x86.Build.0 = Debug|Win32
		{64BD96C2-D7E7-4758-AD2B-A790E9C0A68F}.Release|x64.ActiveCfg = Release|x64
		{64BD96C2-D7E7-4758-AD2B-A790E9C0A68F}.Release|x64.Build.0 = Release|x64
		{64BD96C2-D7E7-4758-AD2B-A790E9C0A68F}.Release|x86.ActiveCfg = Release|Win32
		{64BD96C2-D7E7-4758-AD2B-A790E9C0A68F}.Release|x86.Build.0 = Release|Win32
		{E8F01779-08A6-4AD3-A447-DCFCCC251304}.Debug|x64.ActiveCfg = Debug|x64
		{E8F01779-08A6-4AD3-A447-DCFCCC251304}.Debug|x64.Build.0 = Debug|x64
		{E8F01779-08A6-4AD3-A447-DCFCCC251304}.Debug|x86.ActiveCfg = Debug|Win32
		{E8F01779-08A6-4AD3-A447-DCFCCC251304}.Debug|x86.Build.0 = Debug|Win32
		{E8F01779-08A6-4AD3-A447-DCFCCC251304}.Release|x64.ActiveCfg = Release|x64
		{E8F01779-08A6-4AD3-A447-DCFCCC251304}.Release|x64.Build.0 = Release|x64
		{E8F01779-08A6-4AD3-A447-DCFCCC251304}.Release|x86.ActiveCfg = Release|Win32
		{E8F01779-08A6-4AD3-A447-DCFCCC251304}.Release|x86.Build.0 = Release|Win32
		{A73FA074-5CE0-4732-A56F-182A2202DC9E}.Debug|x64.ActiveCfg = Debug|x64
		{A73FA074-5CE0-4732-A56F-182A2202DC9E}.Debug|x64.Build.0 = Debug|x64
		{A73FA074-5CE0-4732-A56F-182A2202DC9E}.Debug|x86.ActiveCfg = Debug|Win32
		{A73FA074-5CE0-4732-A56F-182A2202DC9E}.Debug|x86.Build.0 = Debug|Win32
		{A73FA074-5CE0-4732-A56F-182A2202DC9E}.Release|x64.ActiveCfg = Release|x64
		{A73FA074-5CE0-4732-A56F-182A2202DC9E}.Release|x64.Build.0 = Release|x64
		{A73FA074-5CE0-4732-A56F-182A2202DC9E}.Release|x86.ActiveCfg = Release|Win32
		{A73FA074-5CE0-4732-A56F-182A2202DC9E}.Release|x86.Build.0 = Release|Win32
		{BFEE3233-90E3-48EB-B060-ACF22D8FADD8}.Debug|x64.ActiveCfg = Debug|x64
		{BFEE3233-90E3-48EB-B060-ACF22D8FADD8}.Debug|x64.Build.0 = Debug|x64
		{BFEE3233-90E3-48EB-B060-ACF22D8FADD8}.Debug|x86.ActiveCfg = Debug|Win32
		{BFEE3233-90E3-48EB-B060-ACF22D8FADD8}.Debug|x86.Build.0 = Debug|Win32
		{BFEE3233-90E3-48EB-B060-ACF22D8FADD8}.Release|x64.ActiveCfg = Release|x64
		{BFEE3233-90E3-48EB-B060-ACF22D8FADD8}.Release|x64.Build.0 = Release|x64
		{BFEE3233-90E3-48EB-B060-ACF22D8FADD8}.Release|x86.ActiveCfg = Release|Win32
		{BFEE3233-90E3-48EB-B060-ACF22D8FADD8}.Release|x86.Build.0 = Release|Win32
		{A15E0F10-B123-4861-907F-A25A7F76077B}.Debug|x64.ActiveCfg = Debug|x64
		{A15E0F10-B123-4861-907F-A25A7F76077B}.Debug|x64.Build.0 = Debug|x64
		{A15E0F10-B123-4861-907F-A25A7F76077B}.Debug|x86.ActiveCfg = Debug|Win32
		{A15E0F10-B123-4861-907F-A25A7F76077B}.Debug|x86.Build.0 = Debug|Win32
		{A15E0F10-B123-4861-907F-A25A7F76077B}.Release|x64.ActiveCfg = Release|x64
		{A15E0F10-B123-4861-907F-A25A7F76077B}.Release|x64.Build.0 = Release|x64
		{A15E0F10-B123-4861-907F-A25A7F76077B}.Release|x86.ActiveCfg = Release|Win32
		{A15E0F10-B123-4861-907F-A25A7F76077B}.Release|x86.Build.0 = Release|Win32
		{6079C171-1FCC-4C99-88BE-A95D009DF716}.Debug|x64.ActiveCfg = Debug|x64
		{6079C171-1FCC-4C99-88BE-A95D009DF716}.Debug|x64.Build.0 = Debug|x64
		{6079C171-1FCC-4C99-88BE-A95D009DF716}.Debug|x86.ActiveCfg = Debug|Win32
		{6079C171-1FCC-4C99-88BE-A95D009DF716}.Debug|x86.Build.0 = Debug|Win32
		{6079C171-1FCC-4C99-88BE-A95D009DF716}.Release|x64.ActiveCfg = Release|x64
		{6079C171-1FCC-4C99-88BE-A95D009DF716}.Release|x64.Build.0 = Release|x64
		{6079C171-1FCC-4C99-88BE-A95D009DF716}.Release|x86.ActiveCfg = Release|Win32
		{6079C171-1FCC-4C99-88BE-A95D009DF716}.Release|x86.Build.0 = Release|Win32
		{8884CFCE-6764-4BC7-BB72-99E328F6FCE2}.Debug|x64.ActiveCfg = Debug|x64
		{8884CFCE-6764-4BC7-BB72-99E328F6FCE2}.Debug|x64.Build.0 = Debug|x64
		{8884CFCE-6764-4BC7-BB72-99E328F6FCE2}.Debug|x86.ActiveCfg = Debug|Win32
		{8884CFCE-6764-4BC7-BB72-99E328F6FCE2}.Debug|x86.Build.0 = Debug|Win32
		{8884CFCE-6764-4BC7-BB72-99E328F6FCE2}.Release|x64.ActiveCfg = Release|x64
		{8884CFCE-6764-4BC7-BB72-99E328F6FCE2}.Release|x64.Build.0 = Release|x64
		{8884CFCE-6764-4BC7-BB72-99E328F6FCE2}.Release|x86.ActiveCfg = Release|Win32
		{8884CFCE-6764-4BC7-BB72-99E328F6FCE2}.Release|x86.Build.0 = Release|Win32
		{DC917785-DE88-4A4A-A89F-63407DE02D09}.Debug|x64.ActiveCfg = Debug|x64
		{DC917785-DE88-4A4A-A89F-63407DE02D09}.Debug|x64.Build.0 = Debug|x64
		{DC917785-DE88-4A4A-A89F-63407DE02D09}.Debug|x86.ActiveCfg = Debug|Win32
		{DC917785-DE88-4A4A-A89F-63407DE02D09}.Debug|x86.Build.0 = Debug|Win32
		{DC917785-DE88-4A4A-A89F-63407DE02D09}.Release|x64.ActiveCfg = Release|x64
		{DC917785-DE88-4A4A-A89F-63407DE02D09}.Release|x64.Build.0 = Release|x64
		{DC917785-DE88-4A4A-A89F-63407DE02D09}.Release|x86.ActiveCfg = Release|Win32
		{DC917785-DE88-4A4A-A89F-63407DE02D09}.Release|x86.Build.0 = Release|Win32
		{D6A59373-7C8F-4E20-9255-C7DD783409C3}.Debug|x64.ActiveCfg = Debug|x64
		{D6A59373-7C8F-4E20-9255-C7DD783409C3}.Debug|x64.Build.0 = Debug|x64
		{D6A59373-7C8F-4E20-9255-C7DD783409C3}.Debug|x86.ActiveCfg = Debug|Win32
		{D6A59373-7C8F-4E20-9255-C7DD783409C3}.Debug|x86.Build.0 = Debug|Win32
		{D6A59373-7C8F-4E20-9255-C7DD783409C3}.Release|x64.ActiveCfg = Release|x64
		{D6A59373-7C8F-4E20-9255-C7DD783409C3}.Release|x64.Build.0 = Release|x64
		{D6A59373-7C8F-4E20-9255-C7DD783409C3}.Release|x86.ActiveCfg = Release|Win32
		{D6A59373-7C8F-4E20-9255-C7DD783409C3}.Release|x86.Build.0 = Release|Win32
		{8BDC3CE2-5782-4EC8-91B1-23DEF0D7BC04}.Debug|x64.ActiveCfg = Debug|x64
		{8BDC3CE2-5782-4EC8-91B1-23DEF0D7BC04}.Debug|x64.Build.0 = Debug|x64
		{8BDC3CE2-5782-4EC8-91B1-23DEF0D7BC04}.Debug|x86.ActiveCfg = Debug|Win32
		{8BDC3CE2-5782-4EC8-91B1-23DEF0D7BC04}.Debug|x86.Build.0 = Debug|Win32
		{8BDC3CE2-5782-4EC8-91B1-23DEF0D7BC04}.Release|x64.ActiveCfg = Release|x64
		{8BDC3CE2-5782-4EC8-91B1-23DEF0D7BC04}.Release|x64.Build.0 = Release|x64
		{8BDC3CE2-5782-4EC8-91B1-23DEF0D7BC04}.Release|x86.ActiveCfg = Release|Win32
		{8BDC3CE2-5782-4EC8-91B1-23DEF0D7BC04}.Release|x86.Build.0 = Release|Win32
		{FCC8E288-0B01-46DF-92A2-2A1454DAB1BA}.Debug|x64.ActiveCfg = Debug|x64
		{FCC8E288-0B01-46DF-92A2-2A1454DAB1BA}.Debug|x64.Build.0 = Debug|x64
		{FCC8E288-0B01-46DF-92A2-2A1454DAB1BA}.Debug|x86.ActiveCfg = Debug|Win32
		{FCC8E288-0B01-46DF-92A2-2A1454DAB1BA}.Debug|x86.Build.0 = Debug|Win32
		{FCC8E288-0B01-46DF-92A2-2A1454DAB1BA}.Release|x64.ActiveCfg = Release|x64
		{FCC8E288-0B01-46DF-92A2-2A1454DAB1BA}.Release|x64.Build.0 = Release|x64
		{FCC8E288-0B01-46DF-92A2-2A1454DAB1BA}.Release|x86.ActiveCfg = Release|Win32
		{FCC8E288-0B01-46DF-92A2-2A1454DAB1BA}.Release|x86.Build.0 = Release|Win32
		{E14AA64B-18CC-426E-A5E1-331D3E876EB3}.Debug|x64.ActiveCfg = Debug|x64
		{E14AA64B-18CC-426E-A5E1-331D3E876EB3}.Debug|x64.Build.0 = Debug|x64
		{E14AA64B-18CC-426E-A5E1-331D3E876EB3}.Debug|x86.ActiveCfg = Debug|Win32
		{E14AA64B-18CC-426E-A5E1-331D3E876EB3}.Debug|x86.Build.0 = Debug|Win32
		{E14AA64B-18CC-426E-A5E1-331D3E876EB3}.Release|x64.ActiveCfg = Release|x64
		{E14AA64B-18CC-426E-A5E1-331D3E876EB3}.Release|x64.Build.0 = Release|x64
		{E14AA64B-18CC-426E-A5E1-331D3E876EB3}.Release|x86.ActiveCfg = Release|Win32
		{E14AA64B-18CC-426E-A5E1-331D3E876EB3}.Release|x86.Build.0 = Release|Win32
		{011822F5-DB53-48AF-B8BA-DAA09FD02F1D}.Debug|x64.ActiveCfg = Debug|x64
		{011822F5-DB53-48AF-B8BA-DAA09FD02F1D}.Debug|x64.Build.0 = Debug|x64
		{011822F5-DB53-48AF-B8BA-DAA09FD02F1D}.Debug|x86.ActiveCfg = Debug|Win32
		{011822F5-DB53-48AF-B8BA-DAA09FD02F1D}.Debug|x86.Build.0 = Debug|Win32
		{011822F5-DB53-48AF-B8BA-DAA09FD02F1D}.Release|x64.ActiveCfg = Release|x64
		{011822F5-DB53-48AF-B8BA-DAA09FD02F1D}.Release|x64.Build.0 = Release|x64
		{011822F5-DB53-48AF-B8BA-DAA09FD02F1D}.Release|x86.ActiveCfg = Release|Win32
		{011822F5-DB53-48AF-B8BA-DAA09FD02F1D}.Release|x86.Build.0 = Release|Win32
		{69E0174F-F52F-42AE-ADDB-B2AA6F57950E}.Debug|x64.ActiveCfg = Debug|x64
		{69E0174F-F52F-42AE-ADDB-B2AA6F57950E}.Debug|x64.Build.0 = Debug|x64
		{69E0174F-F52F-42AE-ADDB-B2AA6F57950E}.Debug|x86.ActiveCfg = Debug|Win32
		{69E0174F-F52F-42AE-ADDB-B2AA6F57950E}.Debug|x86.Build.0 = Debug|Win32
		{69E0174F-F52F-42AE-ADDB-B2AA6F57950E}.Release|x64.ActiveCfg = Release|x64
		{69E0174F-F52F-42AE-ADDB-B2AA6F57950E}.Release|x64.Build.0 = Release|x64
		{69E0174F-F52F-42AE-ADDB-B2AA6F57950E}.Release|x86.ActiveCfg = Release|Win32
		{69E0174F-F52F-42AE-ADDB-B2AA6F57950E}.Release|x86.Build.0 = Release|Win32
		{6CE915B1-647B-422F-8F9C-CA1D8F5C4277}.Debug|x64.ActiveCfg = Debug|x64
		{6CE915B1-647B-422F-8F9C-CA1D8F5C4277}.Debug|x64.Build.0 = Debug|x64
		{6CE915B1-647B-422F-8F9C-CA1D8F5C4277}.Debug|x86.ActiveCfg = Debug|Win32
		{6CE915B1-647B-422F-8F9C-CA1D8F5C4277}.Debug|x86.Build.0 = Debug|Win32
		{6CE915B1-647B-422F-8F9C-CA1D8F5C4277}.Release|x64.ActiveCfg = Release|x64
		{6CE915B1-647B-422F-8F9C-CA1D8F5C4277}.Release|x64.Build.0 = Release|x64
		{6CE915B1-647B-422F-8F9C-CA1D8F5C4277}.Release|x86.ActiveCfg = Release|Win32
		{6CE915B1-647B-422F-8F9C-CA1D8F5C4277}.Release|x86.Build.0 = Release|Win32
		{3CACD789-D2EC-4F53-8EF5-FB0CDDAA8B1F}.Debug|x64.ActiveCfg = Debug|x64
		{3CACD789-D2EC-4F53-8EF5-FB0CDDAA8B1F}.Debug|x64.Build.0 = Debug|x64
		{3CACD789-D2EC-4F53-8EF5-FB0CDDAA8B1F}.Debug|x86.ActiveCfg = Debug|Win32
		{3CACD789-D2EC-4F53-8EF5-FB0CDDAA8B1F}.Debug|x86.Build.0 = Debug|Win32
		{3CACD789-D2EC-4F53-8EF5-FB0CDDAA8B1F}.Release|x64.ActiveCfg = Release|x64
		{3CACD789-D2EC-4F53-8EF5-FB0CDDAA8B1F}.Release|x64.Build.0 = Release|x64
		{3CACD789-D2EC-4F53-8EF5-FB0CDDAA8B1F}.Release|x86.ActiveCfg = Release|Win32
		{3CACD789-D2EC-4F53-8EF5-FB0CDDAA8B1F}.Release|x86.Build.0 = Release|Win32
		{58A8D419-53A4-43CE-9BA9-415E76B798BD}.Debug|x64.ActiveCfg = Debug|x64
		{58A8D419-53A4-43CE-9BA9-415E76B798BD}.Debug|x64.Build.0 = Debug|x64
		{58A8D419-53A4-43CE-9BA9-415E76B798BD}.Debug|x86.ActiveCfg = Debug|Win32
		{58A8D419-53A4-43CE-9BA9-415E76B798BD}.Debug|x86.Build.0 = Debug|Win32
		{58A8D419-53A4-43CE-9BA9-415E76B798BD}.Release|x64.ActiveCfg = Release|x64
		{58A8D419-53A4-43CE-9BA9-415E76B798BD}.Release|x64.Build.0 = Release|x64
		{58A8D419-53A4-43CE-9BA9-415E76B798BD}.Release|x86.ActiveCfg = Release|Win32
		{58A8D419-53A4-43CE-9BA9-415E76B798BD}.Release|x86.Build.0 = Release|Win32
		{BEC359D8-B029-4693-A6C6-C32FF009B116}.Debug|x64.ActiveCfg = Debug|x64
		{BEC359D8-B029-4693-A6C6-C32FF009B116}.Debug|x64.Build.0 = Debug|x64
		{BEC359D8-B029-4693-A6C6-C32FF009B116}.Debug|x86.ActiveCfg = Debug|Win32
		{BEC359D8-B029-4693-A6C6-C32FF009B116}.Debug|x86.Build.0 = Debug|Win32
		{BEC359D8-B029-4693-A6C6-C32FF009B116}.Release|x64.ActiveCfg = Release|x64
		{BEC359D8-B029-4693-A6C6-C32FF009B116}.Release|x64.Build.0 = Release|x64
		{BEC359D8-B029-4693-A6C6-C32FF009B116}.Release|x86.ActiveCfg = Release|Win32
		{BEC359D8-B029-4693-A6C6-C32FF009B116}.Release|x86.Build.0 = Release|Win32
	EndGlobalSection
	GlobalSection(SolutionProperties) = preSolution
		HideSolutionNode = FALSE
	EndGlobalSection
	GlobalSection(ExtensibilityGlobals) = postSolution
		SolutionGuid = {BCA9F226-B8EE-4CE5-B895-243B1CDBE950}
	EndGlobalSection
EndGlobal
